// !$*UTF8*$!
{
	archiveVersion = 1;
	classes = {
	};
	objectVersion = 46;
	objects = {

/* Begin PBXBuildFile section */
		4198D3401F27D60D00B50A40 /* launchground.png in Resources */ = {isa = PBXBuildFile; fileRef = 4198D33F1F27D60D00B50A40 /* launchground.png */; };
		41E470E01F25509E0028DA50 /* AppDelegate.swift in Sources */ = {isa = PBXBuildFile; fileRef = 41E470DF1F25509E0028DA50 /* AppDelegate.swift */; };
		41E470E21F25509E0028DA50 /* ViewController.swift in Sources */ = {isa = PBXBuildFile; fileRef = 41E470E11F25509E0028DA50 /* ViewController.swift */; };
		41E470E51F25509E0028DA50 /* Main.storyboard in Resources */ = {isa = PBXBuildFile; fileRef = 41E470E31F25509E0028DA50 /* Main.storyboard */; };
		41E470E71F25509E0028DA50 /* Assets.xcassets in Resources */ = {isa = PBXBuildFile; fileRef = 41E470E61F25509E0028DA50 /* Assets.xcassets */; };
		41E470EA1F25509E0028DA50 /* LaunchScreen.storyboard in Resources */ = {isa = PBXBuildFile; fileRef = 41E470E81F25509E0028DA50 /* LaunchScreen.storyboard */; };
		41E470F21F256A6B0028DA50 /* btn.wav in Resources */ = {isa = PBXBuildFile; fileRef = 41E470F11F256A6B0028DA50 /* btn.wav */; };
/* End PBXBuildFile section */

/* Begin PBXFileReference section */
		4198D33F1F27D60D00B50A40 /* launchground.png */ = {isa = PBXFileReference; lastKnownFileType = image.png; path = launchground.png; sourceTree = "<group>"; };
		41E470DC1F25509E0028DA50 /* RetroCalculator.app */ = {isa = PBXFileReference; explicitFileType = wrapper.application; includeInIndex = 0; path = RetroCalculator.app; sourceTree = BUILT_PRODUCTS_DIR; };
		41E470DF1F25509E0028DA50 /* AppDelegate.swift */ = {isa = PBXFileReference; lastKnownFileType = sourcecode.swift; path = AppDelegate.swift; sourceTree = "<group>"; };
		41E470E11F25509E0028DA50 /* ViewController.swift */ = {isa = PBXFileReference; lastKnownFileType = sourcecode.swift; path = ViewController.swift; sourceTree = "<group>"; };
		41E470E41F25509E0028DA50 /* Base */ = {isa = PBXFileReference; lastKnownFileType = file.storyboard; name = Base; path = Base.lproj/Main.storyboard; sourceTree = "<group>"; };
		41E470E61F25509E0028DA50 /* Assets.xcassets */ = {isa = PBXFileReference; lastKnownFileType = folder.assetcatalog; path = Assets.xcassets; sourceTree = "<group>"; };
		41E470E91F25509E0028DA50 /* Base */ = {isa = PBXFileReference; lastKnownFileType = file.storyboard; name = Base; path = Base.lproj/LaunchScreen.storyboard; sourceTree = "<group>"; };
		41E470EB1F25509E0028DA50 /* Info.plist */ = {isa = PBXFileReference; lastKnownFileType = text.plist.xml; path = Info.plist; sourceTree = "<group>"; };
		41E470F11F256A6B0028DA50 /* btn.wav */ = {isa = PBXFileReference; lastKnownFileType = audio.wav; path = btn.wav; sourceTree = "<group>"; };
/* End PBXFileReference section */

/* Begin PBXFrameworksBuildPhase section */
		41E470D91F25509E0028DA50 /* Frameworks */ = {
			isa = PBXFrameworksBuildPhase;
			buildActionMask = 2147483647;
			files = (
			);
			runOnlyForDeploymentPostprocessing = 0;
		};
/* End PBXFrameworksBuildPhase section */

/* Begin PBXGroup section */
		41E470D31F25509E0028DA50 = {
			isa = PBXGroup;
			children = (
				41E470DE1F25509E0028DA50 /* RetroCalculator */,
				41E470DD1F25509E0028DA50 /* Products */,
			);
			sourceTree = "<group>";
		};
		41E470DD1F25509E0028DA50 /* Products */ = {
			isa = PBXGroup;
			children = (
				41E470DC1F25509E0028DA50 /* RetroCalculator.app */,
			);
			name = Products;
			sourceTree = "<group>";
		};
		41E470DE1F25509E0028DA50 /* RetroCalculator */ = {
			isa = PBXGroup;
			children = (
				41E470F11F256A6B0028DA50 /* btn.wav */,
				41E470DF1F25509E0028DA50 /* AppDelegate.swift */,
				41E470E11F25509E0028DA50 /* ViewController.swift */,
				41E470E31F25509E0028DA50 /* Main.storyboard */,
				41E470E61F25509E0028DA50 /* Assets.xcassets */,
				4198D33F1F27D60D00B50A40 /* launchground.png */,
				41E470E81F25509E0028DA50 /* LaunchScreen.storyboard */,
				41E470EB1F25509E0028DA50 /* Info.plist */,
			);
			path = RetroCalculator;
			sourceTree = "<group>";
		};
/* End PBXGroup section */

/* Begin PBXNativeTarget section */
		41E470DB1F25509E0028DA50 /* RetroCalculator */ = {
			isa = PBXNativeTarget;
			buildConfigurationList = 41E470EE1F25509E0028DA50 /* Build configuration list for PBXNativeTarget "RetroCalculator" */;
			buildPhases = (
				41E470D81F25509E0028DA50 /* Sources */,
				41E470D91F25509E0028DA50 /* Frameworks */,
				41E470DA1F25509E0028DA50 /* Resources */,
			);
			buildRules = (
			);
			dependencies = (
			);
			name = RetroCalculator;
			productName = RetroCalculator;
			productReference = 41E470DC1F25509E0028DA50 /* RetroCalculator.app */;
			productType = "com.apple.product-type.application";
		};
/* End PBXNativeTarget section */

/* Begin PBXProject section */
		41E470D41F25509E0028DA50 /* Project object */ = {
			isa = PBXProject;
			attributes = {
				LastSwiftUpdateCheck = 0830;
				LastUpgradeCheck = 0830;
				ORGANIZATIONNAME = AppCoda;
				TargetAttributes = {
					41E470DB1F25509E0028DA50 = {
						CreatedOnToolsVersion = 8.3.3;
						ProvisioningStyle = Automatic;
					};
				};
			};
			buildConfigurationList = 41E470D71F25509E0028DA50 /* Build configuration list for PBXProject "RetroCalculator" */;
			compatibilityVersion = "Xcode 3.2";
			developmentRegion = English;
			hasScannedForEncodings = 0;
			knownRegions = (
				en,
				Base,
			);
			mainGroup = 41E470D31F25509E0028DA50;
			productRefGroup = 41E470DD1F25509E0028DA50 /* Products */;
			projectDirPath = "";
			projectRoot = "";
			targets = (
				41E470DB1F25509E0028DA50 /* RetroCalculator */,
			);
		};
/* End PBXProject section */

/* Begin PBXResourcesBuildPhase section */
		41E470DA1F25509E0028DA50 /* Resources */ = {
			isa = PBXResourcesBuildPhase;
			buildActionMask = 2147483647;
			files = (
				4198D3401F27D60D00B50A40 /* launchground.png in Resources */,
				41E470EA1F25509E0028DA50 /* LaunchScreen.storyboard in Resources */,
				41E470E71F25509E0028DA50 /* Assets.xcassets in Resources */,
				41E470E51F25509E0028DA50 /* Main.storyboard in Resources */,
				41E470F21F256A6B0028DA50 /* btn.wav in Resources */,
			);
			runOnlyForDeploymentPostprocessing = 0;
		};
/* End PBXResourcesBuildPhase section */

/* Begin PBXSourcesBuildPhase section */
		41E470D81F25509E0028DA50 /* Sources */ = {
			isa = PBXSourcesBuildPhase;
			buildActionMask = 2147483647;
			files = (
				41E470E21F25509E0028DA50 /* ViewController.swift in Sources */,
				41E470E01F25509E0028DA50 /* AppDelegate.swift in Sources */,
			);
			runOnlyForDeploymentPostprocessing = 0;
		};
/* End PBXSourcesBuildPhase section */

/* Begin PBXVariantGroup section */
		41E470E31F25509E0028DA50 /* Main.storyboard */ = {
			isa = PBXVariantGroup;
			children = (
				41E470E41F25509E0028DA50 /* Base */,
			);
			name = Main.storyboard;
			sourceTree = "<group>";
		};
		41E470E81F25509E0028DA50 /* LaunchScreen.storyboard */ = {
			isa = PBXVariantGroup;
			children = (
				41E470E91F25509E0028DA50 /* Base */,
			);
			name = LaunchScreen.storyboard;
			sourceTree = "<group>";
		};
/* End PBXVariantGroup section */

/* Begin XCBuildConfiguration section */
		41E470EC1F25509E0028DA50 /* Debug */ = {
			isa = XCBuildConfiguration;
			buildSettings = {
				ALWAYS_SEARCH_USER_PATHS = NO;
				CLANG_ANALYZER_NONNULL = YES;
				CLANG_ANALYZER_NUMBER_OBJECT_CONVERSION = YES_AGGRESSIVE;
				CLANG_CXX_LANGUAGE_STANDARD = "gnu++0x";
				CLANG_CXX_LIBRARY = "libc++";
				CLANG_ENABLE_MODULES = YES;
				CLANG_ENABLE_OBJC_ARC = YES;
				CLANG_WARN_BOOL_CONVERSION = YES;
				CLANG_WARN_CONSTANT_CONVERSION = YES;
				CLANG_WARN_DIRECT_OBJC_ISA_USAGE = YES_ERROR;
				CLANG_WARN_DOCUMENTATION_COMMENTS = YES;
				CLANG_WARN_EMPTY_BODY = YES;
				CLANG_WARN_ENUM_CONVERSION = YES;
				CLANG_WARN_INFINITE_RECURSION = YES;
				CLANG_WARN_INT_CONVERSION = YES;
				CLANG_WARN_OBJC_ROOT_CLASS = YES_ERROR;
				CLANG_WARN_SUSPICIOUS_MOVE = YES;
				CLANG_WARN_UNREACHABLE_CODE = YES;
				CLANG_WARN__DUPLICATE_METHOD_MATCH = YES;
				"CODE_SIGN_IDENTITY[sdk=iphoneos*]" = "iPhone Developer";
				COPY_PHASE_STRIP = NO;
				DEBUG_INFORMATION_FORMAT = dwarf;
				ENABLE_STRICT_OBJC_MSGSEND = YES;
				ENABLE_TESTABILITY = YES;
				GCC_C_LANGUAGE_STANDARD = gnu99;
				GCC_DYNAMIC_NO_PIC = NO;
				GCC_NO_COMMON_BLOCKS = YES;
				GCC_OPTIMIZATION_LEVEL = 0;
				GCC_PREPROCESSOR_DEFINITIONS = (
					"DEBUG=1",
					"$(inherited)",
				);
				GCC_WARN_64_TO_32_BIT_CONVERSION = YES;
				GCC_WARN_ABOUT_RETURN_TYPE = YES_ERROR;
				GCC_WARN_UNDECLARED_SELECTOR = YES;
				GCC_WARN_UNINITIALIZED_AUTOS = YES_AGGRESSIVE;
				GCC_WARN_UNUSED_FUNCTION = YES;
				GCC_WARN_UNUSED_VARIABLE = YES;
				IPHONEOS_DEPLOYMENT_TARGET = 10.3;
				MTL_ENABLE_DEBUG_INFO = YES;
				ONLY_ACTIVE_ARCH = YES;
				SDKROOT = iphoneos;
				SWIFT_ACTIVE_COMPILATION_CONDITIONS = DEBUG;
				SWIFT_OPTIMIZATION_LEVEL = "-Onone";
				TARGETED_DEVICE_FAMILY = "1,2";
			};
			name = Debug;
		};
		41E470ED1F25509E0028DA50 /* Release */ = {
			isa = XCBuildConfiguration;
			buildSettings = {
				ALWAYS_SEARCH_USER_PATHS = NO;
				CLANG_ANALYZER_NONNULL = YES;
				CLANG_ANALYZER_NUMBER_OBJECT_CONVERSION = YES_AGGRESSIVE;
				CLANG_CXX_LANGUAGE_STANDARD = "gnu++0x";
				CLANG_CXX_LIBRARY = "libc++";
				CLANG_ENABLE_MODULES = YES;
				CLANG_ENABLE_OBJC_ARC = YES;
				CLANG_WARN_BOOL_CONVERSION = YES;
				CLANG_WARN_CONSTANT_CONVERSION = YES;
				CLANG_WARN_DIRECT_OBJC_ISA_USAGE = YES_ERROR;
				CLANG_WARN_DOCUMENTATION_COMMENTS = YES;
				CLANG_WARN_EMPTY_BODY = YES;
				CLANG_WARN_ENUM_CONVERSION = YES;
				CLANG_WARN_INFINITE_RECURSION = YES;
				CLANG_WARN_INT_CONVERSION = YES;
				CLANG_WARN_OBJC_ROOT_CLASS = YES_ERROR;
				CLANG_WARN_SUSPICIOUS_MOVE = YES;
				CLANG_WARN_UNREACHABLE_CODE = YES;
				CLANG_WARN__DUPLICATE_METHOD_MATCH = YES;
				"CODE_SIGN_IDENTITY[sdk=iphoneos*]" = "iPhone Developer";
				COPY_PHASE_STRIP = NO;
				DEBUG_INFORMATION_FORMAT = "dwarf-with-dsym";
				ENABLE_NS_ASSERTIONS = NO;
				ENABLE_STRICT_OBJC_MSGSEND = YES;
				GCC_C_LANGUAGE_STANDARD = gnu99;
				GCC_NO_COMMON_BLOCKS = YES;
				GCC_WARN_64_TO_32_BIT_CONVERSION = YES;
				GCC_WARN_ABOUT_RETURN_TYPE = YES_ERROR;
				GCC_WARN_UNDECLARED_SELECTOR = YES;
				GCC_WARN_UNINITIALIZED_AUTOS = YES_AGGRESSIVE;
				GCC_WARN_UNUSED_FUNCTION = YES;
				GCC_WARN_UNUSED_VARIABLE = YES;
				IPHONEOS_DEPLOYMENT_TARGET = 10.3;
				MTL_ENABLE_DEBUG_INFO = NO;
				SDKROOT = iphoneos;
				SWIFT_OPTIMIZATION_LEVEL = "-Owholemodule";
				TARGETED_DEVICE_FAMILY = "1,2";
				VALIDATE_PRODUCT = YES;
			};
			name = Release;
		};
		41E470EF1F25509E0028DA50 /* Debug */ = {
			isa = XCBuildConfiguration;
			buildSettings = {
				ASSETCATALOG_COMPILER_APPICON_NAME = AppIcon;
				INFOPLIST_FILE = RetroCalculator/Info.plist;
				LD_RUNPATH_SEARCH_PATHS = "$(inherited) @executable_path/Frameworks";
				PRODUCT_BUNDLE_IDENTIFIER = com.AppCoda.RetroCalculator;
				PRODUCT_NAME = "$(TARGET_NAME)";
				SWIFT_VERSION = 3.0;
			};
			name = Debug;
		};
		41E470F01F25509E0028DA50 /* Release */ = {
			isa = XCBuildConfiguration;
			buildSettings = {
				ASSETCATALOG_COMPILER_APPICON_NAME = AppIcon;
				INFOPLIST_FILE = RetroCalculator/Info.plist;
				LD_RUNPATH_SEARCH_PATHS = "$(inherited) @executable_path/Frameworks";
				PRODUCT_BUNDLE_IDENTIFIER = com.AppCoda.RetroCalculator;
				PRODUCT_NAME = "$(TARGET_NAME)";
				SWIFT_VERSION = 3.0;
			};
			name = Release;
		};
/* End XCBuildConfiguration section */

/* Begin XCConfigurationList section */
		41E470D71F25509E0028DA50 /* Build configuration list for PBXProject "RetroCalculator" */ = {
			isa = XCConfigurationList;
			buildConfigurations = (
				41E470EC1F25509E0028DA50 /* Debug */,
				41E470ED1F25509E0028DA50 /* Release */,
			);
			defaultConfigurationIsVisible = 0;
			defaultConfigurationName = Release;
		};
		41E470EE1F25509E0028DA50 /* Build configuration list for PBXNativeTarget "RetroCalculator" */ = {
			isa = XCConfigurationList;
			buildConfigurations = (
				41E470EF1F25509E0028DA50 /* Debug */,
				41E470F01F25509E0028DA50 /* Release */,
			);
			defaultConfigurationIsVisible = 0;
			defaultConfigurationName = Release;
		};
/* End XCConfigurationList section */
	};
	rootObject = 41E470D41F25509E0028DA50 /* Project object */;
}
