// !$*UTF8*$!
{
	archiveVersion = 1;
	classes = {
	};
	objectVersion = 46;
	objects = {

/* Begin PBXBuildFile section */
		41B73EC81F23D7F4003FFC62 /* AppDelegate.swift in Sources */ = {isa = PBXBuildFile; fileRef = 41B73EC71F23D7F4003FFC62 /* AppDelegate.swift */; };
		41B73ECA1F23D7F4003FFC62 /* ViewController.swift in Sources */ = {isa = PBXBuildFile; fileRef = 41B73EC91F23D7F4003FFC62 /* ViewController.swift */; };
		41B73ECD1F23D7F4003FFC62 /* Main.storyboard in Resources */ = {isa = PBXBuildFile; fileRef = 41B73ECB1F23D7F4003FFC62 /* Main.storyboard */; };
		41B73ECF1F23D7F4003FFC62 /* Assets.xcassets in Resources */ = {isa = PBXBuildFile; fileRef = 41B73ECE1F23D7F4003FFC62 /* Assets.xcassets */; };
		41B73ED21F23D7F4003FFC62 /* LaunchScreen.storyboard in Resources */ = {isa = PBXBuildFile; fileRef = 41B73ED01F23D7F4003FFC62 /* LaunchScreen.storyboard */; };
/* End PBXBuildFile section */

/* Begin PBXFileReference section */
		41B73EC41F23D7F4003FFC62 /* Stack-view.app */ = {isa = PBXFileReference; explicitFileType = wrapper.application; includeInIndex = 0; path = "Stack-view.app"; sourceTree = BUILT_PRODUCTS_DIR; };
		41B73EC71F23D7F4003FFC62 /* AppDelegate.swift */ = {isa = PBXFileReference; lastKnownFileType = sourcecode.swift; path = AppDelegate.swift; sourceTree = "<group>"; };
		41B73EC91F23D7F4003FFC62 /* ViewController.swift */ = {isa = PBXFileReference; lastKnownFileType = sourcecode.swift; path = ViewController.swift; sourceTree = "<group>"; };
		41B73ECC1F23D7F4003FFC62 /* Base */ = {isa = PBXFileReference; lastKnownFileType = file.storyboard; name = Base; path = Base.lproj/Main.storyboard; sourceTree = "<group>"; };
		41B73ECE1F23D7F4003FFC62 /* Assets.xcassets */ = {isa = PBXFileReference; lastKnownFileType = folder.assetcatalog; path = Assets.xcassets; sourceTree = "<group>"; };
		41B73ED11F23D7F4003FFC62 /* Base */ = {isa = PBXFileReference; lastKnownFileType = file.storyboard; name = Base; path = Base.lproj/LaunchScreen.storyboard; sourceTree = "<group>"; };
		41B73ED31F23D7F4003FFC62 /* Info.plist */ = {isa = PBXFileReference; lastKnownFileType = text.plist.xml; path = Info.plist; sourceTree = "<group>"; };
/* End PBXFileReference section */

/* Begin PBXFrameworksBuildPhase section */
		41B73EC11F23D7F4003FFC62 /* Frameworks */ = {
			isa = PBXFrameworksBuildPhase;
			buildActionMask = 2147483647;
			files = (
			);
			runOnlyForDeploymentPostprocessing = 0;
		};
/* End PBXFrameworksBuildPhase section */

/* Begin PBXGroup section */
		41B73EBB1F23D7F4003FFC62 = {
			isa = PBXGroup;
			children = (
				41B73EC61F23D7F4003FFC62 /* Stack-view */,
				41B73EC51F23D7F4003FFC62 /* Products */,
			);
			sourceTree = "<group>";
		};
		41B73EC51F23D7F4003FFC62 /* Products */ = {
			isa = PBXGroup;
			children = (
				41B73EC41F23D7F4003FFC62 /* Stack-view.app */,
			);
			name = Products;
			sourceTree = "<group>";
		};
		41B73EC61F23D7F4003FFC62 /* Stack-view */ = {
			isa = PBXGroup;
			children = (
				41B73EC71F23D7F4003FFC62 /* AppDelegate.swift */,
				41B73EC91F23D7F4003FFC62 /* ViewController.swift */,
				41B73ECB1F23D7F4003FFC62 /* Main.storyboard */,
				41B73ECE1F23D7F4003FFC62 /* Assets.xcassets */,
				41B73ED01F23D7F4003FFC62 /* LaunchScreen.storyboard */,
				41B73ED31F23D7F4003FFC62 /* Info.plist */,
			);
			path = "Stack-view";
			sourceTree = "<group>";
		};
/* End PBXGroup section */

/* Begin PBXNativeTarget section */
		41B73EC31F23D7F4003FFC62 /* Stack-view */ = {
			isa = PBXNativeTarget;
			buildConfigurationList = 41B73ED61F23D7F4003FFC62 /* Build configuration list for PBXNativeTarget "Stack-view" */;
			buildPhases = (
				41B73EC01F23D7F4003FFC62 /* Sources */,
				41B73EC11F23D7F4003FFC62 /* Frameworks */,
				41B73EC21F23D7F4003FFC62 /* Resources */,
			);
			buildRules = (
			);
			dependencies = (
			);
			name = "Stack-view";
			productName = "Stack-view";
			productReference = 41B73EC41F23D7F4003FFC62 /* Stack-view.app */;
			productType = "com.apple.product-type.application";
		};
/* End PBXNativeTarget section */

/* Begin PBXProject section */
		41B73EBC1F23D7F4003FFC62 /* Project object */ = {
			isa = PBXProject;
			attributes = {
				LastSwiftUpdateCheck = 0830;
				LastUpgradeCheck = 0830;
				ORGANIZATIONNAME = AppCoda;
				TargetAttributes = {
					41B73EC31F23D7F4003FFC62 = {
						CreatedOnToolsVersion = 8.3.3;
						ProvisioningStyle = Automatic;
					};
				};
			};
			buildConfigurationList = 41B73EBF1F23D7F4003FFC62 /* Build configuration list for PBXProject "Stack-view" */;
			compatibilityVersion = "Xcode 3.2";
			developmentRegion = English;
			hasScannedForEncodings = 0;
			knownRegions = (
				en,
				Base,
			);
			mainGroup = 41B73EBB1F23D7F4003FFC62;
			productRefGroup = 41B73EC51F23D7F4003FFC62 /* Products */;
			projectDirPath = "";
			projectRoot = "";
			targets = (
				41B73EC31F23D7F4003FFC62 /* Stack-view */,
			);
		};
/* End PBXProject section */

/* Begin PBXResourcesBuildPhase section */
		41B73EC21F23D7F4003FFC62 /* Resources */ = {
			isa = PBXResourcesBuildPhase;
			buildActionMask = 2147483647;
			files = (
				41B73ED21F23D7F4003FFC62 /* LaunchScreen.storyboard in Resources */,
				41B73ECF1F23D7F4003FFC62 /* Assets.xcassets in Resources */,
				41B73ECD1F23D7F4003FFC62 /* Main.storyboard in Resources */,
			);
			runOnlyForDeploymentPostprocessing = 0;
		};
/* End PBXResourcesBuildPhase section */

/* Begin PBXSourcesBuildPhase section */
		41B73EC01F23D7F4003FFC62 /* Sources */ = {
			isa = PBXSourcesBuildPhase;
			buildActionMask = 2147483647;
			files = (
				41B73ECA1F23D7F4003FFC62 /* ViewController.swift in Sources */,
				41B73EC81F23D7F4003FFC62 /* AppDelegate.swift in Sources */,
			);
			runOnlyForDeploymentPostprocessing = 0;
		};
/* End PBXSourcesBuildPhase section */

/* Begin PBXVariantGroup section */
		41B73ECB1F23D7F4003FFC62 /* Main.storyboard */ = {
			isa = PBXVariantGroup;
			children = (
				41B73ECC1F23D7F4003FFC62 /* Base */,
			);
			name = Main.storyboard;
			sourceTree = "<group>";
		};
		41B73ED01F23D7F4003FFC62 /* LaunchScreen.storyboard */ = {
			isa = PBXVariantGroup;
			children = (
				41B73ED11F23D7F4003FFC62 /* Base */,
			);
			name = LaunchScreen.storyboard;
			sourceTree = "<group>";
		};
/* End PBXVariantGroup section */

/* Begin XCBuildConfiguration section */
		41B73ED41F23D7F4003FFC62 /* Debug */ = {
			isa = XCBuildConfiguration;
			buildSettings = {
				ALWAYS_SEARCH_USER_PATHS = NO;
				CLANG_ANALYZER_NONNULL = YES;
				CLANG_ANALYZER_NUMBER_OBJECT_CONVERSION = YES_AGGRESSIVE;
				CLANG_CXX_LANGUAGE_STANDARD = "gnu++0x";
				CLANG_CXX_LIBRARY = "libc++";
				CLANG_ENABLE_MODULES = YES;
				CLANG_ENABLE_OBJC_ARC = YES;
				CLANG_WARN_BOOL_CONVERSION = YES;
				CLANG_WARN_CONSTANT_CONVERSION = YES;
				CLANG_WARN_DIRECT_OBJC_ISA_USAGE = YES_ERROR;
				CLANG_WARN_DOCUMENTATION_COMMENTS = YES;
				CLANG_WARN_EMPTY_BODY = YES;
				CLANG_WARN_ENUM_CONVERSION = YES;
				CLANG_WARN_INFINITE_RECURSION = YES;
				CLANG_WARN_INT_CONVERSION = YES;
				CLANG_WARN_OBJC_ROOT_CLASS = YES_ERROR;
				CLANG_WARN_SUSPICIOUS_MOVE = YES;
				CLANG_WARN_UNREACHABLE_CODE = YES;
				CLANG_WARN__DUPLICATE_METHOD_MATCH = YES;
				"CODE_SIGN_IDENTITY[sdk=iphoneos*]" = "iPhone Developer";
				COPY_PHASE_STRIP = NO;
				DEBUG_INFORMATION_FORMAT = dwarf;
				ENABLE_STRICT_OBJC_MSGSEND = YES;
				ENABLE_TESTABILITY = YES;
				GCC_C_LANGUAGE_STANDARD = gnu99;
				GCC_DYNAMIC_NO_PIC = NO;
				GCC_NO_COMMON_BLOCKS = YES;
				GCC_OPTIMIZATION_LEVEL = 0;
				GCC_PREPROCESSOR_DEFINITIONS = (
					"DEBUG=1",
					"$(inherited)",
				);
				GCC_WARN_64_TO_32_BIT_CONVERSION = YES;
				GCC_WARN_ABOUT_RETURN_TYPE = YES_ERROR;
				GCC_WARN_UNDECLARED_SELECTOR = YES;
				GCC_WARN_UNINITIALIZED_AUTOS = YES_AGGRESSIVE;
				GCC_WARN_UNUSED_FUNCTION = YES;
				GCC_WARN_UNUSED_VARIABLE = YES;
				IPHONEOS_DEPLOYMENT_TARGET = 10.3;
				MTL_ENABLE_DEBUG_INFO = YES;
				ONLY_ACTIVE_ARCH = YES;
				SDKROOT = iphoneos;
				SWIFT_ACTIVE_COMPILATION_CONDITIONS = DEBUG;
				SWIFT_OPTIMIZATION_LEVEL = "-Onone";
				TARGETED_DEVICE_FAMILY = "1,2";
			};
			name = Debug;
		};
		41B73ED51F23D7F4003FFC62 /* Release */ = {
			isa = XCBuildConfiguration;
			buildSettings = {
				ALWAYS_SEARCH_USER_PATHS = NO;
				CLANG_ANALYZER_NONNULL = YES;
				CLANG_ANALYZER_NUMBER_OBJECT_CONVERSION = YES_AGGRESSIVE;
				CLANG_CXX_LANGUAGE_STANDARD = "gnu++0x";
				CLANG_CXX_LIBRARY = "libc++";
				CLANG_ENABLE_MODULES = YES;
				CLANG_ENABLE_OBJC_ARC = YES;
				CLANG_WARN_BOOL_CONVERSION = YES;
				CLANG_WARN_CONSTANT_CONVERSION = YES;
				CLANG_WARN_DIRECT_OBJC_ISA_USAGE = YES_ERROR;
				CLANG_WARN_DOCUMENTATION_COMMENTS = YES;
				CLANG_WARN_EMPTY_BODY = YES;
				CLANG_WARN_ENUM_CONVERSION = YES;
				CLANG_WARN_INFINITE_RECURSION = YES;
				CLANG_WARN_INT_CONVERSION = YES;
				CLANG_WARN_OBJC_ROOT_CLASS = YES_ERROR;
				CLANG_WARN_SUSPICIOUS_MOVE = YES;
				CLANG_WARN_UNREACHABLE_CODE = YES;
				CLANG_WARN__DUPLICATE_METHOD_MATCH = YES;
				"CODE_SIGN_IDENTITY[sdk=iphoneos*]" = "iPhone Developer";
				COPY_PHASE_STRIP = NO;
				DEBUG_INFORMATION_FORMAT = "dwarf-with-dsym";
				ENABLE_NS_ASSERTIONS = NO;
				ENABLE_STRICT_OBJC_MSGSEND = YES;
				GCC_C_LANGUAGE_STANDARD = gnu99;
				GCC_NO_COMMON_BLOCKS = YES;
				GCC_WARN_64_TO_32_BIT_CONVERSION = YES;
				GCC_WARN_ABOUT_RETURN_TYPE = YES_ERROR;
				GCC_WARN_UNDECLARED_SELECTOR = YES;
				GCC_WARN_UNINITIALIZED_AUTOS = YES_AGGRESSIVE;
				GCC_WARN_UNUSED_FUNCTION = YES;
				GCC_WARN_UNUSED_VARIABLE = YES;
				IPHONEOS_DEPLOYMENT_TARGET = 10.3;
				MTL_ENABLE_DEBUG_INFO = NO;
				SDKROOT = iphoneos;
				SWIFT_OPTIMIZATION_LEVEL = "-Owholemodule";
				TARGETED_DEVICE_FAMILY = "1,2";
				VALIDATE_PRODUCT = YES;
			};
			name = Release;
		};
		41B73ED71F23D7F4003FFC62 /* Debug */ = {
			isa = XCBuildConfiguration;
			buildSettings = {
				ASSETCATALOG_COMPILER_APPICON_NAME = AppIcon;
				INFOPLIST_FILE = "Stack-view/Info.plist";
				LD_RUNPATH_SEARCH_PATHS = "$(inherited) @executable_path/Frameworks";
				PRODUCT_BUNDLE_IDENTIFIER = "com.AppCoda.Stack-view";
				PRODUCT_NAME = "$(TARGET_NAME)";
				SWIFT_VERSION = 3.0;
			};
			name = Debug;
		};
		41B73ED81F23D7F4003FFC62 /* Release */ = {
			isa = XCBuildConfiguration;
			buildSettings = {
				ASSETCATALOG_COMPILER_APPICON_NAME = AppIcon;
				INFOPLIST_FILE = "Stack-view/Info.plist";
				LD_RUNPATH_SEARCH_PATHS = "$(inherited) @executable_path/Frameworks";
				PRODUCT_BUNDLE_IDENTIFIER = "com.AppCoda.Stack-view";
				PRODUCT_NAME = "$(TARGET_NAME)";
				SWIFT_VERSION = 3.0;
			};
			name = Release;
		};
/* End XCBuildConfiguration section */

/* Begin XCConfigurationList section */
		41B73EBF1F23D7F4003FFC62 /* Build configuration list for PBXProject "Stack-view" */ = {
			isa = XCConfigurationList;
			buildConfigurations = (
				41B73ED41F23D7F4003FFC62 /* Debug */,
				41B73ED51F23D7F4003FFC62 /* Release */,
			);
			defaultConfigurationIsVisible = 0;
			defaultConfigurationName = Release;
		};
		41B73ED61F23D7F4003FFC62 /* Build configuration list for PBXNativeTarget "Stack-view" */ = {
			isa = XCConfigurationList;
			buildConfigurations = (
				41B73ED71F23D7F4003FFC62 /* Debug */,
				41B73ED81F23D7F4003FFC62 /* Release */,
			);
			defaultConfigurationIsVisible = 0;
			defaultConfigurationName = Release;
		};
/* End XCConfigurationList section */
	};
	rootObject = 41B73EBC1F23D7F4003FFC62 /* Project object */;
}
